{
  "name": "ajs-install",
  "version": "1.0.0",
  "lockfileVersion": 3,
  "requires": true,
  "packages": {
    "": {
      "name": "ajs-install",
      "version": "1.0.0",
      "license": "ISC",
      "dependencies": {
        "@thefortnight/ajs": "^1.0.0"
      }
    },
    "node_modules/@thefortnight/ajs": {
      "version": "1.0.0",
      "resolved": "https://npm.pkg.github.com/download/@thefortnight/ajs/1.0.0/ebb3b00cf134ebbbf1425bef6d28b7afe6ddd36c",
      "integrity": "sha512-EhUz08/GUhCS/K65SBrZ2l+yRzdSp3EtKoA8mhr+wmZMcOUqu1a3jiKLGPNfhiDdzDNlaFjuYOxTF8gYsaOLWQ==",
      "license": "ISC"
    }
  }
}
